
Microsoft Visual Studio Solution File, Format Version 12.00
# Visual Studio Version 17
VisualStudioVersion = 17.0.31919.166
MinimumVisualStudioVersion = 10.0.40219.1
Project("{8BC9CEB8-8B4A-11D0-8D11-00A0C91BC942}") = "Procedural Generation Library", "Procedural Generation Library\Procedural Generation Library.vcxproj", "{F7A11AAE-8FF5-4535-8A28-1E13424305F9}"
EndProject
Project("{FAE04EC0-301F-11D3-BF4B-00C04F79EFBC}") = "Procedural Generation Test", "Procedural Generation Test\Procedural Generation Test.csproj", "{104BE324-DCAD-437E-A30E-E13904C0975A}"
EndProject
Global
	GlobalSection(SolutionConfigurationPlatforms) = preSolution
		Debug|Any CPU = Debug|Any CPU
		Debug|x64 = Debug|x64
		Debug|x86 = Debug|x86
		Release|Any CPU = Release|Any CPU
		Release|x64 = Release|x64
		Release|x86 = Release|x86
	EndGlobalSection
	GlobalSection(ProjectConfigurationPlatforms) = postSolution
		{F7A11AAE-8FF5-4535-8A28-1E13424305F9}.Debug|Any CPU.ActiveCfg = Debug|x64
		{F7A11AAE-8FF5-4535-8A28-1E13424305F9}.Debug|Any CPU.Build.0 = Debug|x64
		{F7A11AAE-8FF5-4535-8A28-1E13424305F9}.Debug|x64.ActiveCfg = Debug|x64
		{F7A11AAE-8FF5-4535-8A28-1E13424305F9}.Debug|x64.Build.0 = Debug|x64
		{F7A11AAE-8FF5-4535-8A28-1E13424305F9}.Debug|x86.ActiveCfg = Debug|Win32
		{F7A11AAE-8FF5-4535-8A28-1E13424305F9}.Debug|x86.Build.0 = Debug|Win32
		{F7A11AAE-8FF5-4535-8A28-1E13424305F9}.Release|Any CPU.ActiveCfg = Release|x64
		{F7A11AAE-8FF5-4535-8A28-1E13424305F9}.Release|Any CPU.Build.0 = Release|x64
		{F7A11AAE-8FF5-4535-8A28-1E13424305F9}.Release|x64.ActiveCfg = Release|x64
		{F7A11AAE-8FF5-4535-8A28-1E13424305F9}.Release|x64.Build.0 = Release|x64
		{F7A11AAE-8FF5-4535-8A28-1E13424305F9}.Release|x86.ActiveCfg = Release|Win32
		{F7A11AAE-8FF5-4535-8A28-1E13424305F9}.Release|x86.Build.0 = Release|Win32
		{104BE324-DCAD-437E-A30E-E13904C0975A}.Debug|Any CPU.ActiveCfg = Debug|Any CPU
		{104BE324-DCAD-437E-A30E-E13904C0975A}.Debug|Any CPU.Build.0 = Debug|Any CPU
		{104BE324-DCAD-437E-A30E-E13904C0975A}.Debug|x64.ActiveCfg = Debug|Any CPU
		{104BE324-DCAD-437E-A30E-E13904C0975A}.Debug|x64.Build.0 = Debug|Any CPU
		{104BE324-DCAD-437E-A30E-E13904C0975A}.Debug|x86.ActiveCfg = Debug|Any CPU
		{104BE324-DCAD-437E-A30E-E13904C0975A}.Debug|x86.Build.0 = Debug|Any CPU
		{104BE324-DCAD-437E-A30E-E13904C0975A}.Release|Any CPU.ActiveCfg = Release|Any CPU
		{104BE324-DCAD-437E-A30E-E13904C0975A}.Release|Any CPU.Build.0 = Release|Any CPU
		{104BE324-DCAD-437E-A30E-E13904C0975A}.Release|x64.ActiveCfg = Release|Any CPU
		{104BE324-DCAD-437E-A30E-E13904C0975A}.Release|x64.Build.0 = Release|Any CPU
		{104BE324-DCAD-437E-A30E-E13904C0975A}.Release|x86.ActiveCfg = Release|Any CPU
		{104BE324-DCAD-437E-A30E-E13904C0975A}.Release|x86.Build.0 = Release|Any CPU
	EndGlobalSection
	GlobalSection(SolutionProperties) = preSolution
		HideSolutionNode = FALSE
	EndGlobalSection
	GlobalSection(ExtensibilityGlobals) = postSolution
		SolutionGuid = {653DAFAC-B637-4AEA-B443-44E5849B539A}
	EndGlobalSection
EndGlobal
