<?xml version="1.0" encoding="utf-8"?>
<Project ToolsVersion="4.0" xmlns="http://schemas.microsoft.com/developer/msbuild/2003">
  <ItemGroup>
    <Filter Include="Source Files">
      <UniqueIdentifier>{4FC737F1-C7A5-4376-A066-2A32D752A2FF}</UniqueIdentifier>
      <Extensions>cpp;c;cc;cxx;c++;cppm;ixx;def;odl;idl;hpj;bat;asm;asmx</Extensions>
    </Filter>
    <Filter Include="Header Files">
      <UniqueIdentifier>{93995380-89BD-4b04-88EB-625FBE52EBFB}</UniqueIdentifier>
      <Extensions>h;hh;hpp;hxx;h++;hm;inl;inc;ipp;xsd</Extensions>
    </Filter>
    <Filter Include="Resource Files">
      <UniqueIdentifier>{67DA6AB6-F800-4c08-8B7A-83BB121AAD01}</UniqueIdentifier>
      <Extensions>rc;ico;cur;bmp;dlg;rc2;rct;bin;rgs;gif;jpg;jpeg;jpe;resx;tiff;tif;png;wav;mfcribbon-ms</Extensions>
    </Filter>
    <Filter Include="Source Files\Dungeon Generator">
      <UniqueIdentifier>{ed898d5d-252a-4d2a-b58d-17311bc78f82}</UniqueIdentifier>
    </Filter>
    <Filter Include="Source Files\Cave Generator">
      <UniqueIdentifier>{befdaf9b-c64b-4a59-8fc1-46863b8f7526}</UniqueIdentifier>
    </Filter>
    <Filter Include="Header Files\Cave Ganeration">
      <UniqueIdentifier>{dbafb28c-5825-470f-8cca-bfb60c43d838}</UniqueIdentifier>
    </Filter>
  </ItemGroup>
  <ItemGroup>
    <ClCompile Include="Main.cpp">
      <Filter>Source Files</Filter>
    </ClCompile>
    <ClCompile Include="Linkage.cpp">
      <Filter>Source Files</Filter>
    </ClCompile>
    <ClCompile Include="WallGenerator.cpp">
      <Filter>Source Files\Dungeon Generator</Filter>
    </ClCompile>
    <ClCompile Include="RoomFirstGenerator.cpp">
      <Filter>Source Files\Dungeon Generator</Filter>
    </ClCompile>
    <ClCompile Include="RandomWalkGenerator.cpp">
      <Filter>Source Files\Dungeon Generator</Filter>
    </ClCompile>
    <ClCompile Include="DungeonGenerator.cpp">
      <Filter>Source Files\Dungeon Generator</Filter>
    </ClCompile>
    <ClCompile Include="DungeonGenerationAlgorithms.cpp">
      <Filter>Source Files\Dungeon Generator</Filter>
    </ClCompile>
    <ClCompile Include="CorridorFirstGenerator.cpp">
      <Filter>Source Files\Dungeon Generator</Filter>
    </ClCompile>
    <ClCompile Include="CaveGenerator.cpp">
      <Filter>Source Files\Cave Generator</Filter>
    </ClCompile>
    <ClCompile Include="MeshGenerator.cpp">
      <Filter>Source Files\Cave Generator</Filter>
    </ClCompile>
    <ClCompile Include="Room.cpp">
      <Filter>Source Files\Cave Generator</Filter>
    </ClCompile>
    <ClCompile Include="SquareGrid.cpp">
      <Filter>Source Files\Cave Generator</Filter>
    </ClCompile>
  </ItemGroup>
  <ItemGroup>
    <ClInclude Include="Algorithms.h">
      <Filter>Header Files</Filter>
    </ClInclude>
    <ClInclude Include="DungeonGenerator.h">
      <Filter>Header Files</Filter>
    </ClInclude>
    <ClInclude Include="Types.h">
      <Filter>Header Files</Filter>
    </ClInclude>
    <ClInclude Include="WallTypes.h">
      <Filter>Header Files</Filter>
    </ClInclude>
    <ClInclude Include="Direction2D.h">
      <Filter>Header Files</Filter>
    </ClInclude>
    <ClInclude Include="Vector.h">
      <Filter>Header Files</Filter>
    </ClInclude>
    <ClInclude Include="CaveGenerator.h">
      <Filter>Header Files\Cave Ganeration</Filter>
    </ClInclude>
    <ClInclude Include="MeshGenerator.h">
      <Filter>Header Files\Cave Ganeration</Filter>
    </ClInclude>
    <ClInclude Include="SquareGrid.h">
      <Filter>Header Files\Cave Ganeration</Filter>
    </ClInclude>
    <ClInclude Include="Room.h">
      <Filter>Header Files\Cave Ganeration</Filter>
    </ClInclude>
    <ClInclude Include="Uitls.h">
      <Filter>Header Files\Cave Ganeration</Filter>
    </ClInclude>
  </ItemGroup>
</Project>