<?xml version="1.0" encoding="utf-8"?>
<Project ToolsVersion="4.0" xmlns="http://schemas.microsoft.com/developer/msbuild/2003">
  <ItemGroup>
    <Filter Include="Source Files">
      <UniqueIdentifier>{4FC737F1-C7A5-4376-A066-2A32D752A2FF}</UniqueIdentifier>
      <Extensions>cpp;c;cc;cxx;c++;cppm;ixx;def;odl;idl;hpj;bat;asm;asmx</Extensions>
    </Filter>
    <Filter Include="Header Files">
      <UniqueIdentifier>{93995380-89BD-4b04-88EB-625FBE52EBFB}</UniqueIdentifier>
      <Extensions>h;hh;hpp;hxx;h++;hm;inl;inc;ipp;xsd</Extensions>
    </Filter>
    <Filter Include="Resource Files">
      <UniqueIdentifier>{67DA6AB6-F800-4c08-8B7A-83BB121AAD01}</UniqueIdentifier>
      <Extensions>rc;ico;cur;bmp;dlg;rc2;rct;bin;rgs;gif;jpg;jpeg;jpe;resx;tiff;tif;png;wav;mfcribbon-ms</Extensions>
    </Filter>
    <Filter Include="Header Files\Wave Function Collapse">
      <UniqueIdentifier>{069586a7-d957-4beb-8ec5-03e8f0c5bf90}</UniqueIdentifier>
    </Filter>
    <Filter Include="Header Files\Wave Function Collapse\Patterns">
      <UniqueIdentifier>{f4c07de5-415f-4343-a7fd-f7822f635f5b}</UniqueIdentifier>
    </Filter>
    <Filter Include="Source Files\Wave Function Collapse">
      <UniqueIdentifier>{ecaa1605-8585-4cac-91b3-7487d9014d1b}</UniqueIdentifier>
    </Filter>
    <Filter Include="Source Files\Wave Function Collapse\Patterns">
      <UniqueIdentifier>{87020a66-cea4-4019-8a94-ed9e6b3e306c}</UniqueIdentifier>
    </Filter>
  </ItemGroup>
  <ItemGroup>
    <ClCompile Include="Main.cpp">
      <Filter>Source Files</Filter>
    </ClCompile>
    <ClCompile Include="RandomWalkGenerator.cpp">
      <Filter>Source Files</Filter>
    </ClCompile>
    <ClCompile Include="RoomFirstGenerator.cpp">
      <Filter>Source Files</Filter>
    </ClCompile>
    <ClCompile Include="DungeonGenerationAlgorithms.cpp">
      <Filter>Source Files</Filter>
    </ClCompile>
    <ClCompile Include="WallGenerator.cpp">
      <Filter>Source Files</Filter>
    </ClCompile>
    <ClCompile Include="CorridorFirstGenerator.cpp">
      <Filter>Source Files</Filter>
    </ClCompile>
    <ClCompile Include="Linkage.cpp">
      <Filter>Source Files</Filter>
    </ClCompile>
    <ClCompile Include="DungeonGenerator.cpp">
      <Filter>Source Files</Filter>
    </ClCompile>
    <ClCompile Include="Pattern.cpp">
      <Filter>Source Files\Wave Function Collapse\Patterns</Filter>
    </ClCompile>
    <ClCompile Include="PatternData.cpp">
      <Filter>Source Files\Wave Function Collapse\Patterns</Filter>
    </ClCompile>
    <ClCompile Include="PatternNeighbours.cpp">
      <Filter>Source Files\Wave Function Collapse\Patterns</Filter>
    </ClCompile>
    <ClCompile Include="PatternManager.cpp">
      <Filter>Source Files</Filter>
    </ClCompile>
  </ItemGroup>
  <ItemGroup>
    <ClInclude Include="Algorithms.h">
      <Filter>Header Files</Filter>
    </ClInclude>
    <ClInclude Include="DungeonGenerator.h">
      <Filter>Header Files</Filter>
    </ClInclude>
    <ClInclude Include="Types.h">
      <Filter>Header Files</Filter>
    </ClInclude>
    <ClInclude Include="WallTypes.h">
      <Filter>Header Files</Filter>
    </ClInclude>
    <ClInclude Include="Pattern.h">
      <Filter>Header Files\Wave Function Collapse\Patterns</Filter>
    </ClInclude>
    <ClInclude Include="PatternData.h">
      <Filter>Header Files\Wave Function Collapse\Patterns</Filter>
    </ClInclude>
    <ClInclude Include="PatternNeighbours.h">
      <Filter>Header Files\Wave Function Collapse\Patterns</Filter>
    </ClInclude>
    <ClInclude Include="PatternManager.h">
      <Filter>Header Files</Filter>
    </ClInclude>
  </ItemGroup>
</Project>